
Microsoft Visual Studio Solution File, Format Version 12.00
# Visual Studio 15
VisualStudioVersion = 15.0.28307.1622
MinimumVisualStudioVersion = 10.0.40219.1
Project("{FAE04EC0-301F-11D3-BF4B-00C04F79EFBC}") = "CommonFunctionalities", "CommonFunctionalities\CommonFunctionalities.csproj", "{72F838FD-6363-48ED-83B8-F7D5DF8CE3EC}"
EndProject
Global
	GlobalSection(SolutionConfigurationPlatforms) = preSolution
		Debug|Any CPU = Debug|Any CPU
		Release|Any CPU = Release|Any CPU
	EndGlobalSection
	GlobalSection(ProjectConfigurationPlatforms) = postSolution
		{72F838FD-6363-48ED-83B8-F7D5DF8CE3EC}.Debug|Any CPU.ActiveCfg = Debug|Any CPU
		{72F838FD-6363-48ED-83B8-F7D5DF8CE3EC}.Debug|Any CPU.Build.0 = Debug|Any CPU
		{72F838FD-6363-48ED-83B8-F7D5DF8CE3EC}.Release|Any CPU.ActiveCfg = Release|Any CPU
		{72F838FD-6363-48ED-83B8-F7D5DF8CE3EC}.Release|Any CPU.Build.0 = Release|Any CPU
	EndGlobalSection
	GlobalSection(SolutionProperties) = preSolution
		HideSolutionNode = FALSE
	EndGlobalSection
	GlobalSection(ExtensibilityGlobals) = postSolution
		SolutionGuid = {BC827E4C-E756-4C24-9234-5241DAA5C27A}
	EndGlobalSection
EndGlobal
